Microsoft Visual Studio Solution File, Format Version 12.00
# Visual Studio Version 17
VisualStudioVersion = 17.10.35027.167
MinimumVisualStudioVersion = 10.0.40219.1
Project("{9A19103F-16F7-4668-BE54-9A1E7A4F7556}") = "EDSKLib", "EDSKLib\EDSKLib.csproj", "{31B2E18F-8E5E-46ED-A600-7C2D96C8FE40}"
EndProject
Project("{9A19103F-16F7-4668-BE54-9A1E7A4F7556}") = "Photobox.UI.Lib", "Photobox.UI.Lib\Photobox.UI.Lib.csproj", "{99033AE3-808A-405B-95BA-BF0D615203EB}"
EndProject
Project("{9A19103F-16F7-4668-BE54-9A1E7A4F7556}") = "Photobox.UI", "Photobox.UI\Photobox.UI.csproj", "{97D3A4FA-57C9-459F-A6A0-F2C643EA07F5}"
EndProject
Project("{2150E333-8FDC-42A3-9474-1A3956D46DE8}") = "Solution Items", "Solution Items", "{34F3B384-AE56-46FA-8FE8-217A04220760}"
	ProjectSection(SolutionItems) = preProject
		.editorconfig = .editorconfig
		Directory.Build.props = Directory.Build.props
	EndProjectSection
EndProject
Project("{9A19103F-16F7-4668-BE54-9A1E7A4F7556}") = "Photobox.UI.Lib.Test", "Photobox.Lib.Test\Photobox.UI.Lib.Test.csproj", "{6CEF3442-A576-4E39-B449-5CC97F118311}"
EndProject
Project("{FAE04EC0-301F-11D3-BF4B-00C04F79EFBC}") = "Photobox.Web", "Photobox.Web\Photobox.Web\Photobox.Web.csproj", "{BA3FFAB3-DAAD-4449-A938-7FFD199A64C8}"
EndProject
Project("{FAE04EC0-301F-11D3-BF4B-00C04F79EFBC}") = "Photobox.Web.Client", "Photobox.Web\Photobox.Web.Client\Photobox.Web.Client.csproj", "{C203F3A2-20C3-47A9-845C-A93A32D817EE}"
EndProject
Project("{E53339B2-1760-4266-BCC7-CA923CBCF16C}") = "docker-compose", "docker-compose.dcproj", "{723813D7-C6BB-4046-B405-6085EE6400A1}"
EndProject
Project("{FAE04EC0-301F-11D3-BF4B-00C04F79EFBC}") = "Photobox.Lib", "Photobox.Lib\Photobox.Lib.csproj", "{5414EE34-E520-4DF6-80DD-72FDE11F4CC2}"
EndProject
Global
	GlobalSection(SolutionConfigurationPlatforms) = preSolution
		Debug|Any CPU = Debug|Any CPU
		Release|Any CPU = Release|Any CPU
	EndGlobalSection
	GlobalSection(ProjectConfigurationPlatforms) = postSolution
		{31B2E18F-8E5E-46ED-A600-7C2D96C8FE40}.Debug|Any CPU.ActiveCfg = Debug|Any CPU
		{31B2E18F-8E5E-46ED-A600-7C2D96C8FE40}.Debug|Any CPU.Build.0 = Debug|Any CPU
		{31B2E18F-8E5E-46ED-A600-7C2D96C8FE40}.Release|Any CPU.ActiveCfg = Debug|Any CPU
		{31B2E18F-8E5E-46ED-A600-7C2D96C8FE40}.Release|Any CPU.Build.0 = Debug|Any CPU
		{99033AE3-808A-405B-95BA-BF0D615203EB}.Debug|Any CPU.ActiveCfg = Debug|Any CPU
		{99033AE3-808A-405B-95BA-BF0D615203EB}.Debug|Any CPU.Build.0 = Debug|Any CPU
		{99033AE3-808A-405B-95BA-BF0D615203EB}.Release|Any CPU.ActiveCfg = Release|Any CPU
		{99033AE3-808A-405B-95BA-BF0D615203EB}.Release|Any CPU.Build.0 = Release|Any CPU
		{97D3A4FA-57C9-459F-A6A0-F2C643EA07F5}.Debug|Any CPU.ActiveCfg = Debug|Any CPU
		{97D3A4FA-57C9-459F-A6A0-F2C643EA07F5}.Debug|Any CPU.Build.0 = Debug|Any CPU
		{97D3A4FA-57C9-459F-A6A0-F2C643EA07F5}.Release|Any CPU.ActiveCfg = Release|Any CPU
		{97D3A4FA-57C9-459F-A6A0-F2C643EA07F5}.Release|Any CPU.Build.0 = Release|Any CPU
		{6CEF3442-A576-4E39-B449-5CC97F118311}.Debug|Any CPU.ActiveCfg = Debug|Any CPU
		{6CEF3442-A576-4E39-B449-5CC97F118311}.Debug|Any CPU.Build.0 = Debug|Any CPU
		{6CEF3442-A576-4E39-B449-5CC97F118311}.Release|Any CPU.ActiveCfg = Release|Any CPU
		{6CEF3442-A576-4E39-B449-5CC97F118311}.Release|Any CPU.Build.0 = Release|Any CPU
		{BA3FFAB3-DAAD-4449-A938-7FFD199A64C8}.Debug|Any CPU.ActiveCfg = Debug|Any CPU
		{BA3FFAB3-DAAD-4449-A938-7FFD199A64C8}.Debug|Any CPU.Build.0 = Debug|Any CPU
		{BA3FFAB3-DAAD-4449-A938-7FFD199A64C8}.Release|Any CPU.ActiveCfg = Release|Any CPU
		{BA3FFAB3-DAAD-4449-A938-7FFD199A64C8}.Release|Any CPU.Build.0 = Release|Any CPU
		{C203F3A2-20C3-47A9-845C-A93A32D817EE}.Debug|Any CPU.ActiveCfg = Debug|Any CPU
		{C203F3A2-20C3-47A9-845C-A93A32D817EE}.Debug|Any CPU.Build.0 = Debug|Any CPU
		{C203F3A2-20C3-47A9-845C-A93A32D817EE}.Release|Any CPU.ActiveCfg = Release|Any CPU
		{C203F3A2-20C3-47A9-845C-A93A32D817EE}.Release|Any CPU.Build.0 = Release|Any CPU
		{723813D7-C6BB-4046-B405-6085EE6400A1}.Debug|Any CPU.ActiveCfg = Debug|Any CPU
		{723813D7-C6BB-4046-B405-6085EE6400A1}.Debug|Any CPU.Build.0 = Debug|Any CPU
		{723813D7-C6BB-4046-B405-6085EE6400A1}.Release|Any CPU.ActiveCfg = Release|Any CPU
		{723813D7-C6BB-4046-B405-6085EE6400A1}.Release|Any CPU.Build.0 = Release|Any CPU
		{5414EE34-E520-4DF6-80DD-72FDE11F4CC2}.Debug|Any CPU.ActiveCfg = Debug|Any CPU
		{5414EE34-E520-4DF6-80DD-72FDE11F4CC2}.Debug|Any CPU.Build.0 = Debug|Any CPU
		{5414EE34-E520-4DF6-80DD-72FDE11F4CC2}.Release|Any CPU.ActiveCfg = Release|Any CPU
		{5414EE34-E520-4DF6-80DD-72FDE11F4CC2}.Release|Any CPU.Build.0 = Release|Any CPU
	EndGlobalSection
	GlobalSection(SolutionProperties) = preSolution
		HideSolutionNode = FALSE
	EndGlobalSection
	GlobalSection(ExtensibilityGlobals) = postSolution
		SolutionGuid = {28BFBBEE-8CC8-4CC4-8467-A74581C53028}
	EndGlobalSection
EndGlobal
