<Solution>
  <Folder Name="/Solution Items/">
    <File Path=".editorconfig" />
    <File Path="Directory.Build.props" />
    <File Path="Directory.Packages.props" />
  </Folder>
  <Project Path="docker-compose.dcproj" />
  <Project Path="EDSKLib\EDSKLib.csproj">
    <Configuration Solution="Release|Any CPU" Project="Debug|Any CPU" />
  </Project>
  <Project Path="Photobox.Lib.Test\Photobox.Lib.Test.csproj" Type="Classic C#" />
  <Project Path="Photobox.Lib\Photobox.Lib.csproj" Type="Classic C#" />
  <Project Path="Photobox.UI.Lib.Test\Photobox.UI.Lib.Test.csproj" />
  <Project Path="Photobox.UI.Lib\Photobox.UI.Lib.csproj" />
  <Project Path="Photobox.UI\Photobox.UI.csproj" />
  <Project Path="photobox.web.client\Photobox.Web.Client.esproj" Type="{54A90642-561A-4BB1-A94E-469ADEE60C69}">
    <Configuration Solution="Release|Any CPU" Project="Debug|Any CPU" />
  </Project>
  <Project Path="Photobox.Web\Photobox.Web\Photobox.Web.csproj" Type="Classic C#" />
</Solution>